
Microsoft Visual Studio Solution File, Format Version 12.00
# Visual Studio 2013
VisualStudioVersion = 12.0.30723.0
MinimumVisualStudioVersion = 10.0.40219.1
Project("{A0786B88-2ADB-4C21-ABE8-AA2D79766269}") = "Senior Project", "Senior Project.phpproj", "{728A2705-8BDC-41B5-9BA9-CD08439E1140}"
EndProject
Global
	GlobalSection(SolutionConfigurationPlatforms) = preSolution
		Debug|Any CPU = Debug|Any CPU
		Release|Any CPU = Release|Any CPU
	EndGlobalSection
	GlobalSection(ProjectConfigurationPlatforms) = postSolution
		{728A2705-8BDC-41B5-9BA9-CD08439E1140}.Debug|Any CPU.ActiveCfg = Debug|Any CPU
		{728A2705-8BDC-41B5-9BA9-CD08439E1140}.Debug|Any CPU.Build.0 = Debug|Any CPU
		{728A2705-8BDC-41B5-9BA9-CD08439E1140}.Release|Any CPU.ActiveCfg = Release|Any CPU
		{728A2705-8BDC-41B5-9BA9-CD08439E1140}.Release|Any CPU.Build.0 = Release|Any CPU
	EndGlobalSection
	GlobalSection(SolutionProperties) = preSolution
		HideSolutionNode = FALSE
	EndGlobalSection
EndGlobal
